
Microsoft Visual Studio Solution File, Format Version 12.00
# Visual Studio Version 17
VisualStudioVersion = 17.7.34024.191
MinimumVisualStudioVersion = 10.0.40219.1
Project("{FAE04EC0-301F-11D3-BF4B-00C04F79EFBC}") = "NumbersGame", "NumbersGame\NumbersGame.csproj", "{B7BA6792-A383-49C0-894D-D094070A42E9}"
EndProject
Global
	GlobalSection(SolutionConfigurationPlatforms) = preSolution
		Debug|Any CPU = Debug|Any CPU
		Release|Any CPU = Release|Any CPU
	EndGlobalSection
	GlobalSection(ProjectConfigurationPlatforms) = postSolution
		{B7BA6792-A383-49C0-894D-D094070A42E9}.Debug|Any CPU.ActiveCfg = Debug|Any CPU
		{B7BA6792-A383-49C0-894D-D094070A42E9}.Debug|Any CPU.Build.0 = Debug|Any CPU
		{B7BA6792-A383-49C0-894D-D094070A42E9}.Release|Any CPU.ActiveCfg = Release|Any CPU
		{B7BA6792-A383-49C0-894D-D094070A42E9}.Release|Any CPU.Build.0 = Release|Any CPU
	EndGlobalSection
	GlobalSection(SolutionProperties) = preSolution
		HideSolutionNode = FALSE
	EndGlobalSection
	GlobalSection(ExtensibilityGlobals) = postSolution
		SolutionGuid = {42100D5F-DDC6-4F6B-A1B6-C8287A112AB3}
	EndGlobalSection
EndGlobal
